<Solution>
  <Folder Name="/Modules/" />
  <Folder Name="/Modules/Auth/">
    <Project Path="../Modules/Auth.Api/Auth.Api.csproj" Id="b4f57f32-9985-4a5d-9ab0-d62e0fb7d50c" />
  </Folder>
  <Folder Name="/Shared/">
    <Project Path="../Shared/Shared/Shared.csproj" Id="ac593b72-467f-42fd-b61c-0c020e8b0206" />
  </Folder>
  <Project Path="Insurer.Host.csproj" />
</Solution>
